
Microsoft Visual Studio Solution File, Format Version 12.00
# Visual Studio Version 17
VisualStudioVersion = 17.7.34031.279
MinimumVisualStudioVersion = 10.0.40219.1
Project("{FAE04EC0-301F-11D3-BF4B-00C04F79EFBC}") = "YGWeb", "YGWeb.csproj", "{9682C39F-D9B5-43F4-B40E-5A13A4BBB6D0}"
EndProject
Global
	GlobalSection(SolutionConfigurationPlatforms) = preSolution
		Debug|Any CPU = Debug|Any CPU
		Release|Any CPU = Release|Any CPU
	EndGlobalSection
	GlobalSection(ProjectConfigurationPlatforms) = postSolution
		{9682C39F-D9B5-43F4-B40E-5A13A4BBB6D0}.Debug|Any CPU.ActiveCfg = Debug|Any CPU
		{9682C39F-D9B5-43F4-B40E-5A13A4BBB6D0}.Debug|Any CPU.Build.0 = Debug|Any CPU
		{9682C39F-D9B5-43F4-B40E-5A13A4BBB6D0}.Release|Any CPU.ActiveCfg = Release|Any CPU
		{9682C39F-D9B5-43F4-B40E-5A13A4BBB6D0}.Release|Any CPU.Build.0 = Release|Any CPU
	EndGlobalSection
	GlobalSection(SolutionProperties) = preSolution
		HideSolutionNode = FALSE
	EndGlobalSection
	GlobalSection(ExtensibilityGlobals) = postSolution
		SolutionGuid = {176E0FBC-9FC0-4EF7-92D0-D22582090890}
	EndGlobalSection
EndGlobal
